github.com/PuerkitoBio/goquery v1.5.1 h1:PSPBGne8NIUWw+/7vFBV+kG2J/5MOjbzc7154OaKCSE=
github.com/PuerkitoBio/goquery v1.5.1/go.mod h1:GsLWisAFVj4WgDibEWF4pvYnkVQBpKBKeU+7zCJoLcc=
github.com/andybalholm/cascadia v1.1.0 h1:BuuO6sSfQNFRu1LppgbD25Hr2vLYW25JvxHs5zzsLTo=
github.com/andybalholm/cascadia v1.1.0/go.mod h1:GsXiBklL0woXo1j/WYWtSYYC4ouU9PqHO0sqidkEA4Y=
github.com/davecgh/go-spew v1.1.0 h1:ZDRjVQ15GmhC3fiQ8ni8+OwkZQO4DARzQgrnXU1Liz8=
github.com/davecgh/go-spew v1.1.0/go.mod h1:J7Y8YcW2NihsgmVo/mv3lAwl/skON4iLHjSsI+c5H38=
github.com/fogleman/gg v1.3.0 h1:/7zJX8F6AaYQc57WQCyN9cAIz+4bCJGO9B+dyW29am8=
github.com/fogleman/gg v1.3.0/go.mod h1:R/bRT+9gY/C5z7JzPU0zXsXHKM4/ayA+zqcVNZzPa1k=
github.com/gen2brain/x264-go v0.0.0-20200605131102-0523307cbe23 h1:/bEJAMYC2kdJwLeemSoFiEir0ONJdBdK7sMdLMKBQHU=
github.com/gen2brain/x264-go v0.0.0-20200605131102-0523307cbe23/go.mod h1:17kvfYQKi9/QHiKPeqmJW0YuDPZEgy72tSBVmweSyiE=
github.com/golang/freetype v0.0.0-20170609003504-e2365dfdc4a0 h1:DACJavvAHhabrF08vX0COfcOBJRhZ8lUbR+ZWIs0Y5g=
github.com/golang/freetype v0.0.0-20170609003504-e2365dfdc4a0/go.mod h1:E/TSTwGwJL78qG/PmXZO1EjYhfJinVAhrmmHX6Z8B9k=
github.com/gorilla/websocket v1.4.2 h1:+/TMaTYc4QFitKJxsQ7Yye35DkWvkdLcvGKqM+x0Ufc=
github.com/gorilla/websocket v1.4.2/go.mod h1:YR8l580nyteQvAITg2hZ9XVh4b55+EU/adAjf1fMHhE=
github.com/ipfs/go-cid v0.0.7 h1:ysQJVJA3fNDF1qigJbsSQOdjhVLsOEoPdh0+R97k3jY=
github.com/ipfs/go-cid v0.0.7/go.mod h1:6Ux9z5e+HpkQdckYoX1PG/6xqKspzlEIR5SDmgqgC/I=
github.com/klauspost/cpuid/v2 v2.0.4 h1:g0I61F2K2DjRHz1cnxlkNSBIaePVoJIjjnHui8QHbiw=
github.com/klauspost/cpuid/v2 v2.0.4/go.mod h1:FInQzS24/EEf25PyTYn52gqo7WaD8xa0213Md/qVLRg=
github.com/klauspost/cpuid/v2 v2.0.6 h1:dQ5ueTiftKxp0gyjKSx5+8BtPWkyQbd95m8Gys/RarI=
github.com/klauspost/cpuid/v2 v2.0.6/go.mod h1:FInQzS24/EEf25PyTYn52gqo7WaD8xa0213Md/qVLRg=
github.com/kr/pretty v0.2.1 h1:Fmg33tUaq4/8ym9TJN1x7sLJnHVwhP33CNkpYV/7rwI=
github.com/kr/pretty v0.2.1/go.mod h1:ipq/a2n7PKx3OHsz4KJII5eveXtPO4qwEXGdVfWzfnI=
github.com/kr/pty v1.1.1/go.mod h1:pFQYn66WHrOpPYNljwOMqo10TkYh1fy3cYio2l3bCsQ=
github.com/kr/text v0.1.0 h1:45sCR5RtlFHMR4UwH9sdQ5TC8v0qDQCHnXt+kaKSTVE=
github.com/kr/text v0.1.0/go.mod h1:4Jbv+DJW3UT/LiOwJeYQe1efqtUx/iVham/4vfdArNI=
github.com/minio/blake2b-simd v0.0.0-20160723061019-3f5f724cb5b1 h1:lYpkrQH5ajf0OXOcUbGjvZxxijuBwbbmlSxLiuofa+g=
github.com/minio/blake2b-simd v0.0.0-20160723061019-3f5f724cb5b1/go.mod h1:pD8RvIylQ358TN4wwqatJ8rNavkEINozVn9DtGI3dfQ=
github.com/minio/sha256-simd v0.1.1-0.20190913151208-6de447530771/go.mod h1:B5e1o+1/KgNmWrSQK08Y6Z1Vb5pwIktudl0J58iy0KM=
github.com/minio/sha256-simd v1.0.0 h1:v1ta+49hkWZyvaKwrQB8elexRqm6Y0aMLjCNsrYxo6g=
github.com/minio/sha256-simd v1.0.0/go.mod h1:OuYzVNI5vcoYIAmbIvHPl3N3jUzVedXbKy5RFepssQM=
github.com/mr-tron/base58 v1.1.0/go.mod h1:xcD2VGqlgYjBdcBLw+TuYLr8afG+Hj8g2eTVqeSzSU8=
github.com/mr-tron/base58 v1.1.3/go.mod h1:BinMc/sQntlIE1frQmRFPUoPA1Zkr8VRgBdjWI2mNwc=
github.com/mr-tron/base58 v1.2.0 h1:T/HDJBh4ZCPbU39/+c3rRvE0uKBQlU27+QI8LJ4t64o=
github.com/mr-tron/base58 v1.2.0/go.mod h1:BinMc/sQntlIE1frQmRFPUoPA1Zkr8VRgBdjWI2mNwc=
github.com/multiformats/go-base32 v0.0.3 h1:tw5+NhuwaOjJCC5Pp82QuXbrmLzWg7uxlMFp8Nq/kkI=
github.com/multiformats/go-base32 v0.0.3/go.mod h1:pLiuGC8y0QR3Ue4Zug5UzK9LjgbkL8NSQj0zQ5Nz/AA=
github.com/multiformats/go-base36 v0.1.0 h1:JR6TyF7JjGd3m6FbLU2cOxhC0Li8z8dLNGQ89tUg4F4=
github.com/multiformats/go-base36 v0.1.0/go.mod h1:kFGE83c6s80PklsHO9sRn2NCoffoRdUUOENyW/Vv6sM=
github.com/multiformats/go-multibase v0.0.3 h1:l/B6bJDQjvQ5G52jw4QGSYeOTZoAwIO77RblWplfIqk=
github.com/multiformats/go-multibase v0.0.3/go.mod h1:5+1R4eQrT3PkYZ24C3W2Ue2tPwIdYQD509ZjSb5y9Oc=
github.com/multiformats/go-multicodec v0.2.0 h1:MUzKZWxOFagwLLtlx96pub9zwDQAbMAf1k9fXOdc3so=
github.com/multiformats/go-multicodec v0.2.0/go.mod h1:/y4YVwkfMyry5kFbMTbLJKErhycTIftytRV+llXdyS4=
github.com/multiformats/go-multihash v0.0.13/go.mod h1:VdAWLKTwram9oKAatUcLxBNUjdtcVwxObEQBtRfuyjc=
github.com/multiformats/go-multihash v0.0.15 h1:hWOPdrNqDjwHDx82vsYGSDZNyktOJJ2dzZJzFkOV1jM=
github.com/multiformats/go-multihash v0.0.15/go.mod h1:D6aZrWNLFTV/ynMpKsNtB40mJzmCl4jb1alC0OvHiHg=
github.com/multiformats/go-varint v0.0.5/go.mod h1:3Ls8CIEsrijN6+B7PbrXRPxHRPuXSrVKRY101jdMZYE=
github.com/multiformats/go-varint v0.0.6 h1:gk85QWKxh3TazbLxED/NlDVv8+q+ReFJk7Y2W/KhfNY=
github.com/multiformats/go-varint v0.0.6/go.mod h1:3Ls8CIEsrijN6+B7PbrXRPxHRPuXSrVKRY101jdMZYE=
github.com/pmezard/go-difflib v1.0.0 h1:4DBwDE0NGyQoBHbLQYPwSUPoCMWR5BEzIk/f1lZbAQM=
github.com/pmezard/go-difflib v1.0.0/go.mod h1:iKH77koFhYxTK1pcRnkKkqfTogsbg7gZNVY4sRDYZ/4=
github.com/satori/go.uuid v1.2.0 h1:0uYX9dsZ2yD7q2RtLRtPSdGDWzjeM3TbMJP9utgA0ww=
github.com/satori/go.uuid v1.2.0/go.mod h1:dA0hQrYB0VpLJoorglMZABFdXlWrHn1NEOzdhQKdks0=
github.com/spaolacci/murmur3 v1.1.0/go.mod h1:JwIasOWyU6f++ZhiEuf87xNszmSA2myDM2Kzu9HwQUA=
github.com/stretchr/objx v0.1.0/go.mod h1:HFkY916IF+rwdDfMAkV7OtwuqBVzrE8GR6GFx+wExME=
github.com/stretchr/testify v1.7.0 h1:nwc3DEeHmmLAfoZucVR881uASk0Mfjw8xYJ99tb5CcY=
github.com/stretchr/testify v1.7.0/go.mod h1:6Fq8oRcR53rry900zMqJjRRixrwX3KX962/h/Wwjteg=
github.com/wolfired/as2go v0.0.0-20190726023037-863a60b99c83 h1:GMnkBpxcT2pML08i1NwyvlgF69hlu3TWKIT7+l4d6e4=
github.com/wolfired/as2go v0.0.0-20190726023037-863a60b99c83/go.mod h1:VsdiKtfxbeU16JvbUXi2AAhBpE6gZmC2FfnfsjdavMk=
github.com/yeqown/go-qrcode v1.5.5 h1:FyuCdHZVNdpSITdRbIS/ogWXI20ulHhk7+KdWgExNkc=
github.com/yeqown/go-qrcode v1.5.5/go.mod h1:C1eAU4Jure3vqD56kqzeSLaX84MHg3fZAMNID4nXX+Y=
github.com/yeqown/reedsolomon v1.0.0 h1:x1h/Ej/uJnNu8jaX7GLHBWmZKCAWjEJTetkqaabr4B0=
github.com/yeqown/reedsolomon v1.0.0/go.mod h1:P76zpcn2TCuL0ul1Fso373qHRc69LKwAw/Iy6g1WiiM=
golang.org/x/crypto v0.0.0-20190308221718-c2843e01d9a2/go.mod h1:djNgcEr1/C05ACkg1iLfiJU5Ep61QUkGW8qpdssI0+w=
golang.org/x/crypto v0.0.0-20190611184440-5c40567a22f8/go.mod h1:yigFU9vqHzYiE8UmvKecakEJjdnWj3jj499lnFckfCI=
golang.org/x/crypto v0.0.0-20210220033148-5ea612d1eb83 h1:/ZScEX8SfEmUGRHs0gxpqteO5nfNW6axyZbBdw9A12g=
golang.org/x/crypto v0.0.0-20210220033148-5ea612d1eb83/go.mod h1:jdWPYTVW3xRLrWPugEBEK3UY2ZEsg3UU495nc5E+M+I=
golang.org/x/image v0.0.0-20200927104501-e162460cd6b5/go.mod h1:FeLwcggjj3mMvU+oOTbSwawSJRM1uh48EjtB4UJZlP0=
golang.org/x/image v0.0.0-20210622092929-e6eecd499c2c h1:FRR4fGZm/CMwZka5baQ4z8c8StbxJOMjS/45e0BAxK0=
golang.org/x/image v0.0.0-20210622092929-e6eecd499c2c/go.mod h1:023OzeP/+EPmXeapQh35lcL3II3LrY8Ic+EFFKVhULM=
golang.org/x/net v0.0.0-20180218175443-cbe0f9307d01/go.mod h1:mL1N/T3taQHkDXs73rZJwtUhF3w3ftmwwsq0BUmARs4=
golang.org/x/net v0.0.0-20190404232315-eb5bcb51f2a3/go.mod h1:t9HGtf8HONx5eT2rtn7q6eTqICYqUVnKs3thJo3Qplg=
golang.org/x/net v0.0.0-20200202094626-16171245cfb2 h1:CCH4IOTTfewWjGOlSp+zGcjutRKlBEZQ6wTn8ozI/nI=
golang.org/x/net v0.0.0-20200202094626-16171245cfb2/go.mod h1:z5CRVTTTmAJ677TzLLGU+0bjPO0LkuOLi4/5GtJWs/s=
golang.org/x/sys v0.0.0-20190215142949-d0b11bdaac8a/go.mod h1:STP8DvDyc/dI5b8T5hshtkjS+E42TnysNCUPdjciGhY=
golang.org/x/sys v0.0.0-20190412213103-97732733099d/go.mod h1:h1NjWce9XRLGQEsW7wpKNCjG9DtNlClVuFLEZdDNbEs=
golang.org/x/sys v0.0.0-20191026070338-33540a1f6037/go.mod h1:h1NjWce9XRLGQEsW7wpKNCjG9DtNlClVuFLEZdDNbEs=
golang.org/x/sys v0.0.0-20210309074719-68d13333faf2 h1:46ULzRKLh1CwgRq2dC5SlBzEqqNCi8rreOZnNrbqcIY=
golang.org/x/sys v0.0.0-20210309074719-68d13333faf2/go.mod h1:h1NjWce9XRLGQEsW7wpKNCjG9DtNlClVuFLEZdDNbEs=
golang.org/x/term v0.0.0-20201117132131-f5c789dd3221/go.mod h1:Nr5EML6q2oocZ2LXRh80K7BxOlk5/8JxuGnuhpl+muw=
golang.org/x/text v0.3.0/go.mod h1:NqM8EUOU14njkJ3fqMW+pc6Ldnwhi/IjpwHt7yyuwOQ=
golang.org/x/text v0.3.6/go.mod h1:5Zoc/QRtKVWzQhOtBMvqHzDpF6irO9z98xDceosuGiQ=
golang.org/x/tools v0.0.0-20180917221912-90fa682c2a6e/go.mod h1:n7NCudcB/nEzxVGmLbDWY5pfWTLqBcC2KZ6jyYvM4mQ=
golang.org/x/tour v0.1.0 h1:OWzbINRoGf1wwBhKdFDpYwM88NM0d1SL/Nj6PagS6YE=
golang.org/x/tour v0.1.0/go.mod h1:DUZC6G8mR1AXgXy73r8qt/G5RsefKIlSj6jBMc8b9Wc=
gopkg.in/check.v1 v0.0.0-20161208181325-20d25e280405/go.mod h1:Co6ibVJAznAaIkqp8huTwlJQCZ016jof/cbN4VW5Yz0=
gopkg.in/check.v1 v1.0.0-20201130134442-10cb98267c6c h1:Hei/4ADfdWqJk1ZMxUNpqntNwaWcugrBjAiHlqqRiVk=
gopkg.in/check.v1 v1.0.0-20201130134442-10cb98267c6c/go.mod h1:JHkPIbrfpd72SG/EVd6muEfDQjcINNoR0C8j2r3qZ4Q=
gopkg.in/yaml.v3 v3.0.0-20200313102051-9f266ea9e77c h1:dUUwHk2QECo/6vqA44rthZ8ie2QXMNeKRTHCNY2nXvo=
gopkg.in/yaml.v3 v3.0.0-20200313102051-9f266ea9e77c/go.mod h1:K4uyk7z7BCEPqu6E+C64Yfv1cQ7kz7rIZviUmN+EgEM=
